
Microsoft Visual Studio Solution File, Format Version 12.00
# Visual Studio 15
VisualStudioVersion = 15.0.28010.2016
MinimumVisualStudioVersion = 10.0.40219.1
Project("{FAE04EC0-301F-11D3-BF4B-00C04F79EFBC}") = "FinanceTestTask", "FinanceTestTask\FinanceTestTask.csproj", "{786A201A-F309-4487-8349-ABCE2CE021B2}"
EndProject
Global
	GlobalSection(SolutionConfigurationPlatforms) = preSolution
		Debug|Any CPU = Debug|Any CPU
		Release|Any CPU = Release|Any CPU
	EndGlobalSection
	GlobalSection(ProjectConfigurationPlatforms) = postSolution
		{786A201A-F309-4487-8349-ABCE2CE021B2}.Debug|Any CPU.ActiveCfg = Debug|Any CPU
		{786A201A-F309-4487-8349-ABCE2CE021B2}.Debug|Any CPU.Build.0 = Debug|Any CPU
		{786A201A-F309-4487-8349-ABCE2CE021B2}.Release|Any CPU.ActiveCfg = Release|Any CPU
		{786A201A-F309-4487-8349-ABCE2CE021B2}.Release|Any CPU.Build.0 = Release|Any CPU
	EndGlobalSection
	GlobalSection(SolutionProperties) = preSolution
		HideSolutionNode = FALSE
	EndGlobalSection
	GlobalSection(ExtensibilityGlobals) = postSolution
		SolutionGuid = {35115658-E2F5-4E74-955E-9CC4186EA224}
	EndGlobalSection
EndGlobal
